
Microsoft Visual Studio Solution File, Format Version 12.00
# Visual Studio Version 16
VisualStudioVersion = 16.0.31515.178
MinimumVisualStudioVersion = 10.0.40219.1
Project("{D954291E-2A0B-460D-934E-DC6B0785DB48}") = "Mod.Template.Content", "Mod.Template.Content\Mod.Template.Content.shproj", "{4E7D37C7-8AFE-4F79-BAF6-4CE82D05E091}"
EndProject
Project("{FAE04EC0-301F-11D3-BF4B-00C04F79EFBC}") = "Mod.Template", "Mod.Template\Mod.Template.csproj", "{7BCB2908-B003-45D9-BE68-50CBA5217603}"
EndProject
Project("{2150E333-8FDC-42A3-9474-1A3956D46DE8}") = "Solution Items", "Solution Items", "{08A1C9FA-7DC2-4A60-B9A6-AC0EB7132893}"
	ProjectSection(SolutionItems) = preProject
		.gitattributes = .gitattributes
		.gitignore = .gitignore
		LICENSE.md = LICENSE.md
		README.md = README.md
	EndProjectSection
EndProject
Global
	GlobalSection(SharedMSBuildProjectFiles) = preSolution
		Mod.Template.Content\Mod.Template.Content.projitems*{4e7d37c7-8afe-4f79-baf6-4ce82d05e091}*SharedItemsImports = 13
	EndGlobalSection
	GlobalSection(SolutionConfigurationPlatforms) = preSolution
		Debug|Any CPU = Debug|Any CPU
		Release|Any CPU = Release|Any CPU
	EndGlobalSection
	GlobalSection(ProjectConfigurationPlatforms) = postSolution
		{7BCB2908-B003-45D9-BE68-50CBA5217603}.Debug|Any CPU.ActiveCfg = Debug|Any CPU
		{7BCB2908-B003-45D9-BE68-50CBA5217603}.Debug|Any CPU.Build.0 = Debug|Any CPU
		{7BCB2908-B003-45D9-BE68-50CBA5217603}.Release|Any CPU.ActiveCfg = Release|Any CPU
		{7BCB2908-B003-45D9-BE68-50CBA5217603}.Release|Any CPU.Build.0 = Release|Any CPU
	EndGlobalSection
	GlobalSection(SolutionProperties) = preSolution
		HideSolutionNode = FALSE
	EndGlobalSection
	GlobalSection(ExtensibilityGlobals) = postSolution
		SolutionGuid = {E6970D48-CD23-4427-951B-448B144F30DA}
	EndGlobalSection
EndGlobal
